
Microsoft Visual Studio Solution File, Format Version 12.00
# Visual Studio Version 17
VisualStudioVersion = 17.13.35931.197 d17.13
MinimumVisualStudioVersion = 10.0.40219.1
Project("{FAE04EC0-301F-11D3-BF4B-00C04F79EFBC}") = "Restoran", "Restoran\Restoran.csproj", "{7ED3C933-D073-468D-8FA2-0BA586ECEC98}"
EndProject
Global
	GlobalSection(SolutionConfigurationPlatforms) = preSolution
		Debug|Any CPU = Debug|Any CPU
		Release|Any CPU = Release|Any CPU
	EndGlobalSection
	GlobalSection(ProjectConfigurationPlatforms) = postSolution
		{7ED3C933-D073-468D-8FA2-0BA586ECEC98}.Debug|Any CPU.ActiveCfg = Debug|Any CPU
		{7ED3C933-D073-468D-8FA2-0BA586ECEC98}.Debug|Any CPU.Build.0 = Debug|Any CPU
		{7ED3C933-D073-468D-8FA2-0BA586ECEC98}.Release|Any CPU.ActiveCfg = Release|Any CPU
		{7ED3C933-D073-468D-8FA2-0BA586ECEC98}.Release|Any CPU.Build.0 = Release|Any CPU
	EndGlobalSection
	GlobalSection(SolutionProperties) = preSolution
		HideSolutionNode = FALSE
	EndGlobalSection
	GlobalSection(ExtensibilityGlobals) = postSolution
		SolutionGuid = {CDEAE3A7-A6DF-497A-B20A-CA10BD784A9B}
	EndGlobalSection
EndGlobal
